// !$*UTF8*$!
{
	archiveVersion = 1;
	classes = {
	};
	objectVersion = 50;
	objects = {

/* Begin PBXBuildFile section */
		062A6EC5207C6FE200A416B2 /* AppDelegate.swift in Sources */ = {isa = PBXBuildFile; fileRef = 062A6EC4207C6FE200A416B2 /* AppDelegate.swift */; };
		062A6EC7207C6FE200A416B2 /* ViewController.swift in Sources */ = {isa = PBXBuildFile; fileRef = 062A6EC6207C6FE200A416B2 /* ViewController.swift */; };
		062A6ECA207C6FE200A416B2 /* Main.storyboard in Resources */ = {isa = PBXBuildFile; fileRef = 062A6EC8207C6FE200A416B2 /* Main.storyboard */; };
		062A6ECC207C6FE600A416B2 /* Assets.xcassets in Resources */ = {isa = PBXBuildFile; fileRef = 062A6ECB207C6FE600A416B2 /* Assets.xcassets */; };
		062A6ECF207C6FE600A416B2 /* LaunchScreen.storyboard in Resources */ = {isa = PBXBuildFile; fileRef = 062A6ECD207C6FE600A416B2 /* LaunchScreen.storyboard */; };
		062A6EDA207C6FE600A416B2 /* SQliteTestTests.swift in Sources */ = {isa = PBXBuildFile; fileRef = 062A6ED9207C6FE600A416B2 /* SQliteTestTests.swift */; };
		062A6EE5207C6FE600A416B2 /* SQliteTestUITests.swift in Sources */ = {isa = PBXBuildFile; fileRef = 062A6EE4207C6FE600A416B2 /* SQliteTestUITests.swift */; };
/* End PBXBuildFile section */

/* Begin PBXContainerItemProxy section */
		062A6ED6207C6FE600A416B2 /* PBXContainerItemProxy */ = {
			isa = PBXContainerItemProxy;
			containerPortal = 062A6EB9207C6FE200A416B2 /* Project object */;
			proxyType = 1;
			remoteGlobalIDString = 062A6EC0207C6FE200A416B2;
			remoteInfo = SQliteTest;
		};
		062A6EE1207C6FE600A416B2 /* PBXContainerItemProxy */ = {
			isa = PBXContainerItemProxy;
			containerPortal = 062A6EB9207C6FE200A416B2 /* Project object */;
			proxyType = 1;
			remoteGlobalIDString = 062A6EC0207C6FE200A416B2;
			remoteInfo = SQliteTest;
		};
/* End PBXContainerItemProxy section */

/* Begin PBXFileReference section */
		062A6EC1207C6FE200A416B2 /* SQliteTest.app */ = {isa = PBXFileReference; explicitFileType = wrapper.application; includeInIndex = 0; path = SQliteTest.app; sourceTree = BUILT_PRODUCTS_DIR; };
		062A6EC4207C6FE200A416B2 /* AppDelegate.swift */ = {isa = PBXFileReference; lastKnownFileType = sourcecode.swift; path = AppDelegate.swift; sourceTree = "<group>"; };
		062A6EC6207C6FE200A416B2 /* ViewController.swift */ = {isa = PBXFileReference; lastKnownFileType = sourcecode.swift; path = ViewController.swift; sourceTree = "<group>"; };
		062A6EC9207C6FE200A416B2 /* Base */ = {isa = PBXFileReference; lastKnownFileType = file.storyboard; name = Base; path = Base.lproj/Main.storyboard; sourceTree = "<group>"; };
		062A6ECB207C6FE600A416B2 /* Assets.xcassets */ = {isa = PBXFileReference; lastKnownFileType = folder.assetcatalog; path = Assets.xcassets; sourceTree = "<group>"; };
		062A6ECE207C6FE600A416B2 /* Base */ = {isa = PBXFileReference; lastKnownFileType = file.storyboard; name = Base; path = Base.lproj/LaunchScreen.storyboard; sourceTree = "<group>"; };
		062A6ED0207C6FE600A416B2 /* Info.plist */ = {isa = PBXFileReference; lastKnownFileType = text.plist.xml; path = Info.plist; sourceTree = "<group>"; };
		062A6ED5207C6FE600A416B2 /* SQliteTestTests.xctest */ = {isa = PBXFileReference; explicitFileType = wrapper.cfbundle; includeInIndex = 0; path = SQliteTestTests.xctest; sourceTree = BUILT_PRODUCTS_DIR; };
		062A6ED9207C6FE600A416B2 /* SQliteTestTests.swift */ = {isa = PBXFileReference; lastKnownFileType = sourcecode.swift; path = SQliteTestTests.swift; sourceTree = "<group>"; };
		062A6EDB207C6FE600A416B2 /* Info.plist */ = {isa = PBXFileReference; lastKnownFileType = text.plist.xml; path = Info.plist; sourceTree = "<group>"; };
		062A6EE0207C6FE600A416B2 /* SQliteTestUITests.xctest */ = {isa = PBXFileReference; explicitFileType = wrapper.cfbundle; includeInIndex = 0; path = SQliteTestUITests.xctest; sourceTree = BUILT_PRODUCTS_DIR; };
		062A6EE4207C6FE600A416B2 /* SQliteTestUITests.swift */ = {isa = PBXFileReference; lastKnownFileType = sourcecode.swift; path = SQliteTestUITests.swift; sourceTree = "<group>"; };
		062A6EE6207C6FE600A416B2 /* Info.plist */ = {isa = PBXFileReference; lastKnownFileType = text.plist.xml; path = Info.plist; sourceTree = "<group>"; };
/* End PBXFileReference section */

/* Begin PBXFrameworksBuildPhase section */
		062A6EBE207C6FE200A416B2 /* Frameworks */ = {
			isa = PBXFrameworksBuildPhase;
			buildActionMask = 2147483647;
			files = (
			);
			runOnlyForDeploymentPostprocessing = 0;
		};
		062A6ED2207C6FE600A416B2 /* Frameworks */ = {
			isa = PBXFrameworksBuildPhase;
			buildActionMask = 2147483647;
			files = (
			);
			runOnlyForDeploymentPostprocessing = 0;
		};
		062A6EDD207C6FE600A416B2 /* Frameworks */ = {
			isa = PBXFrameworksBuildPhase;
			buildActionMask = 2147483647;
			files = (
			);
			runOnlyForDeploymentPostprocessing = 0;
		};
/* End PBXFrameworksBuildPhase section */

/* Begin PBXGroup section */
		062A6EB8207C6FE200A416B2 = {
			isa = PBXGroup;
			children = (
				062A6EC3207C6FE200A416B2 /* SQliteTest */,
				062A6ED8207C6FE600A416B2 /* SQliteTestTests */,
				062A6EE3207C6FE600A416B2 /* SQliteTestUITests */,
				062A6EC2207C6FE200A416B2 /* Products */,
			);
			sourceTree = "<group>";
		};
		062A6EC2207C6FE200A416B2 /* Products */ = {
			isa = PBXGroup;
			children = (
				062A6EC1207C6FE200A416B2 /* SQliteTest.app */,
				062A6ED5207C6FE600A416B2 /* SQliteTestTests.xctest */,
				062A6EE0207C6FE600A416B2 /* SQliteTestUITests.xctest */,
			);
			name = Products;
			sourceTree = "<group>";
		};
		062A6EC3207C6FE200A416B2 /* SQliteTest */ = {
			isa = PBXGroup;
			children = (
				062A6EC4207C6FE200A416B2 /* AppDelegate.swift */,
				062A6EC6207C6FE200A416B2 /* ViewController.swift */,
				062A6EC8207C6FE200A416B2 /* Main.storyboard */,
				062A6ECB207C6FE600A416B2 /* Assets.xcassets */,
				062A6ECD207C6FE600A416B2 /* LaunchScreen.storyboard */,
				062A6ED0207C6FE600A416B2 /* Info.plist */,
			);
			path = SQliteTest;
			sourceTree = "<group>";
		};
		062A6ED8207C6FE600A416B2 /* SQliteTestTests */ = {
			isa = PBXGroup;
			children = (
				062A6ED9207C6FE600A416B2 /* SQliteTestTests.swift */,
				062A6EDB207C6FE600A416B2 /* Info.plist */,
			);
			path = SQliteTestTests;
			sourceTree = "<group>";
		};
		062A6EE3207C6FE600A416B2 /* SQliteTestUITests */ = {
			isa = PBXGroup;
			children = (
				062A6EE4207C6FE600A416B2 /* SQliteTestUITests.swift */,
				062A6EE6207C6FE600A416B2 /* Info.plist */,
			);
			path = SQliteTestUITests;
			sourceTree = "<group>";
		};
/* End PBXGroup section */

/* Begin PBXNativeTarget section */
		062A6EC0207C6FE200A416B2 /* SQliteTest */ = {
			isa = PBXNativeTarget;
			buildConfigurationList = 062A6EE9207C6FE600A416B2 /* Build configuration list for PBXNativeTarget "SQliteTest" */;
			buildPhases = (
				062A6EBD207C6FE200A416B2 /* Sources */,
				062A6EBE207C6FE200A416B2 /* Frameworks */,
				062A6EBF207C6FE200A416B2 /* Resources */,
			);
			buildRules = (
			);
			dependencies = (
			);
			name = SQliteTest;
			productName = SQliteTest;
			productReference = 062A6EC1207C6FE200A416B2 /* SQliteTest.app */;
			productType = "com.apple.product-type.application";
		};
		062A6ED4207C6FE600A416B2 /* SQliteTestTests */ = {
			isa = PBXNativeTarget;
			buildConfigurationList = 062A6EEC207C6FE600A416B2 /* Build configuration list for PBXNativeTarget "SQliteTestTests" */;
			buildPhases = (
				062A6ED1207C6FE600A416B2 /* Sources */,
				062A6ED2207C6FE600A416B2 /* Frameworks */,
				062A6ED3207C6FE600A416B2 /* Resources */,
			);
			buildRules = (
			);
			dependencies = (
				062A6ED7207C6FE600A416B2 /* PBXTargetDependency */,
			);
			name = SQliteTestTests;
			productName = SQliteTestTests;
			productReference = 062A6ED5207C6FE600A416B2 /* SQliteTestTests.xctest */;
			productType = "com.apple.product-type.bundle.unit-test";
		};
		062A6EDF207C6FE600A416B2 /* SQliteTestUITests */ = {
			isa = PBXNativeTarget;
			buildConfigurationList = 062A6EEF207C6FE600A416B2 /* Build configuration list for PBXNativeTarget "SQliteTestUITests" */;
			buildPhases = (
				062A6EDC207C6FE600A416B2 /* Sources */,
				062A6EDD207C6FE600A416B2 /* Frameworks */,
				062A6EDE207C6FE600A416B2 /* Resources */,
			);
			buildRules = (
			);
			dependencies = (
				062A6EE2207C6FE600A416B2 /* PBXTargetDependency */,
			);
			name = SQliteTestUITests;
			productName = SQliteTestUITests;
			productReference = 062A6EE0207C6FE600A416B2 /* SQliteTestUITests.xctest */;
			productType = "com.apple.product-type.bundle.ui-testing";
		};
/* End PBXNativeTarget section */

/* Begin PBXProject section */
		062A6EB9207C6FE200A416B2 /* Project object */ = {
			isa = PBXProject;
			attributes = {
				LastSwiftUpdateCheck = 0930;
				LastUpgradeCheck = 0930;
				ORGANIZATIONNAME = Shanthakumar;
				TargetAttributes = {
					062A6EC0207C6FE200A416B2 = {
						CreatedOnToolsVersion = 9.3;
					};
					062A6ED4207C6FE600A416B2 = {
						CreatedOnToolsVersion = 9.3;
						TestTargetID = 062A6EC0207C6FE200A416B2;
					};
					062A6EDF207C6FE600A416B2 = {
						CreatedOnToolsVersion = 9.3;
						TestTargetID = 062A6EC0207C6FE200A416B2;
					};
				};
			};
			buildConfigurationList = 062A6EBC207C6FE200A416B2 /* Build configuration list for PBXProject "SQliteTest" */;
			compatibilityVersion = "Xcode 9.3";
			developmentRegion = en;
			hasScannedForEncodings = 0;
			knownRegions = (
				en,
				Base,
			);
			mainGroup = 062A6EB8207C6FE200A416B2;
			productRefGroup = 062A6EC2207C6FE200A416B2 /* Products */;
			projectDirPath = "";
			projectRoot = "";
			targets = (
				062A6EC0207C6FE200A416B2 /* SQliteTest */,
				062A6ED4207C6FE600A416B2 /* SQliteTestTests */,
				062A6EDF207C6FE600A416B2 /* SQliteTestUITests */,
			);
		};
/* End PBXProject section */

/* Begin PBXResourcesBuildPhase section */
		062A6EBF207C6FE200A416B2 /* Resources */ = {
			isa = PBXResourcesBuildPhase;
			buildActionMask = 2147483647;
			files = (
				062A6ECF207C6FE600A416B2 /* LaunchScreen.storyboard in Resources */,
				062A6ECC207C6FE600A416B2 /* Assets.xcassets in Resources */,
				062A6ECA207C6FE200A416B2 /* Main.storyboard in Resources */,
			);
			runOnlyForDeploymentPostprocessing = 0;
		};
		062A6ED3207C6FE600A416B2 /* Resources */ = {
			isa = PBXResourcesBuildPhase;
			buildActionMask = 2147483647;
			files = (
			);
			runOnlyForDeploymentPostprocessing = 0;
		};
		062A6EDE207C6FE600A416B2 /* Resources */ = {
			isa = PBXResourcesBuildPhase;
			buildActionMask = 2147483647;
			files = (
			);
			runOnlyForDeploymentPostprocessing = 0;
		};
/* End PBXResourcesBuildPhase section */

/* Begin PBXSourcesBuildPhase section */
		062A6EBD207C6FE200A416B2 /* Sources */ = {
			isa = PBXSourcesBuildPhase;
			buildActionMask = 2147483647;
			files = (
				062A6EC7207C6FE200A416B2 /* ViewController.swift in Sources */,
				062A6EC5207C6FE200A416B2 /* AppDelegate.swift in Sources */,
			);
			runOnlyForDeploymentPostprocessing = 0;
		};
		062A6ED1207C6FE600A416B2 /* Sources */ = {
			isa = PBXSourcesBuildPhase;
			buildActionMask = 2147483647;
			files = (
				062A6EDA207C6FE600A416B2 /* SQliteTestTests.swift in Sources */,
			);
			runOnlyForDeploymentPostprocessing = 0;
		};
		062A6EDC207C6FE600A416B2 /* Sources */ = {
			isa = PBXSourcesBuildPhase;
			buildActionMask = 2147483647;
			files = (
				062A6EE5207C6FE600A416B2 /* SQliteTestUITests.swift in Sources */,
			);
			runOnlyForDeploymentPostprocessing = 0;
		};
/* End PBXSourcesBuildPhase section */

/* Begin PBXTargetDependency section */
		062A6ED7207C6FE600A416B2 /* PBXTargetDependency */ = {
			isa = PBXTargetDependency;
			target = 062A6EC0207C6FE200A416B2 /* SQliteTest */;
			targetProxy = 062A6ED6207C6FE600A416B2 /* PBXContainerItemProxy */;
		};
		062A6EE2207C6FE600A416B2 /* PBXTargetDependency */ = {
			isa = PBXTargetDependency;
			target = 062A6EC0207C6FE200A416B2 /* SQliteTest */;
			targetProxy = 062A6EE1207C6FE600A416B2 /* PBXContainerItemProxy */;
		};
/* End PBXTargetDependency section */

/* Begin PBXVariantGroup section */
		062A6EC8207C6FE200A416B2 /* Main.storyboard */ = {
			isa = PBXVariantGroup;
			children = (
				062A6EC9207C6FE200A416B2 /* Base */,
			);
			name = Main.storyboard;
			sourceTree = "<group>";
		};
		062A6ECD207C6FE600A416B2 /* LaunchScreen.storyboard */ = {
			isa = PBXVariantGroup;
			children = (
				062A6ECE207C6FE600A416B2 /* Base */,
			);
			name = LaunchScreen.storyboard;
			sourceTree = "<group>";
		};
/* End PBXVariantGroup section */

/* Begin XCBuildConfiguration section */
		062A6EE7207C6FE600A416B2 /* Debug */ = {
			isa = XCBuildConfiguration;
			buildSettings = {
				ALWAYS_SEARCH_USER_PATHS = NO;
				CLANG_ANALYZER_NONNULL = YES;
				CLANG_ANALYZER_NUMBER_OBJECT_CONVERSION = YES_AGGRESSIVE;
				CLANG_CXX_LANGUAGE_STANDARD = "gnu++14";
				CLANG_CXX_LIBRARY = "libc++";
				CLANG_ENABLE_MODULES = YES;
				CLANG_ENABLE_OBJC_ARC = YES;
				CLANG_ENABLE_OBJC_WEAK = YES;
				CLANG_WARN_BLOCK_CAPTURE_AUTORELEASING = YES;
				CLANG_WARN_BOOL_CONVERSION = YES;
				CLANG_WARN_COMMA = YES;
				CLANG_WARN_CONSTANT_CONVERSION = YES;
				CLANG_WARN_DEPRECATED_OBJC_IMPLEMENTATIONS = YES;
				CLANG_WARN_DIRECT_OBJC_ISA_USAGE = YES_ERROR;
				CLANG_WARN_DOCUMENTATION_COMMENTS = YES;
				CLANG_WARN_EMPTY_BODY = YES;
				CLANG_WARN_ENUM_CONVERSION = YES;
				CLANG_WARN_INFINITE_RECURSION = YES;
				CLANG_WARN_INT_CONVERSION = YES;
				CLANG_WARN_NON_LITERAL_NULL_CONVERSION = YES;
				CLANG_WARN_OBJC_IMPLICIT_RETAIN_SELF = YES;
				CLANG_WARN_OBJC_LITERAL_CONVERSION = YES;
				CLANG_WARN_OBJC_ROOT_CLASS = YES_ERROR;
				CLANG_WARN_RANGE_LOOP_ANALYSIS = YES;
				CLANG_WARN_STRICT_PROTOTYPES = YES;
				CLANG_WARN_SUSPICIOUS_MOVE = YES;
				CLANG_WARN_UNGUARDED_AVAILABILITY = YES_AGGRESSIVE;
				CLANG_WARN_UNREACHABLE_CODE = YES;
				CLANG_WARN__DUPLICATE_METHOD_MATCH = YES;
				CODE_SIGN_IDENTITY = "iPhone Developer";
				COPY_PHASE_STRIP = NO;
				DEBUG_INFORMATION_FORMAT = dwarf;
				ENABLE_STRICT_OBJC_MSGSEND = YES;
				ENABLE_TESTABILITY = YES;
				GCC_C_LANGUAGE_STANDARD = gnu11;
				GCC_DYNAMIC_NO_PIC = NO;
				GCC_NO_COMMON_BLOCKS = YES;
				GCC_OPTIMIZATION_LEVEL = 0;
				GCC_PREPROCESSOR_DEFINITIONS = (
					"DEBUG=1",
					"$(inherited)",
				);
				GCC_WARN_64_TO_32_BIT_CONVERSION = YES;
				GCC_WARN_ABOUT_RETURN_TYPE = YES_ERROR;
				GCC_WARN_UNDECLARED_SELECTOR = YES;
				GCC_WARN_UNINITIALIZED_AUTOS = YES_AGGRESSIVE;
				GCC_WARN_UNUSED_FUNCTION = YES;
				GCC_WARN_UNUSED_VARIABLE = YES;
				IPHONEOS_DEPLOYMENT_TARGET = 11.3;
				MTL_ENABLE_DEBUG_INFO = YES;
				ONLY_ACTIVE_ARCH = YES;
				SDKROOT = iphoneos;
				SWIFT_ACTIVE_COMPILATION_CONDITIONS = DEBUG;
				SWIFT_OPTIMIZATION_LEVEL = "-Onone";
			};
			name = Debug;
		};
		062A6EE8207C6FE600A416B2 /* Release */ = {
			isa = XCBuildConfiguration;
			buildSettings = {
				ALWAYS_SEARCH_USER_PATHS = NO;
				CLANG_ANALYZER_NONNULL = YES;
				CLANG_ANALYZER_NUMBER_OBJECT_CONVERSION = YES_AGGRESSIVE;
				CLANG_CXX_LANGUAGE_STANDARD = "gnu++14";
				CLANG_CXX_LIBRARY = "libc++";
				CLANG_ENABLE_MODULES = YES;
				CLANG_ENABLE_OBJC_ARC = YES;
				CLANG_ENABLE_OBJC_WEAK = YES;
				CLANG_WARN_BLOCK_CAPTURE_AUTORELEASING = YES;
				CLANG_WARN_BOOL_CONVERSION = YES;
				CLANG_WARN_COMMA = YES;
				CLANG_WARN_CONSTANT_CONVERSION = YES;
				CLANG_WARN_DEPRECATED_OBJC_IMPLEMENTATIONS = YES;
				CLANG_WARN_DIRECT_OBJC_ISA_USAGE = YES_ERROR;
				CLANG_WARN_DOCUMENTATION_COMMENTS = YES;
				CLANG_WARN_EMPTY_BODY = YES;
				CLANG_WARN_ENUM_CONVERSION = YES;
				CLANG_WARN_INFINITE_RECURSION = YES;
				CLANG_WARN_INT_CONVERSION = YES;
				CLANG_WARN_NON_LITERAL_NULL_CONVERSION = YES;
				CLANG_WARN_OBJC_IMPLICIT_RETAIN_SELF = YES;
				CLANG_WARN_OBJC_LITERAL_CONVERSION = YES;
				CLANG_WARN_OBJC_ROOT_CLASS = YES_ERROR;
				CLANG_WARN_RANGE_LOOP_ANALYSIS = YES;
				CLANG_WARN_STRICT_PROTOTYPES = YES;
				CLANG_WARN_SUSPICIOUS_MOVE = YES;
				CLANG_WARN_UNGUARDED_AVAILABILITY = YES_AGGRESSIVE;
				CLANG_WARN_UNREACHABLE_CODE = YES;
				CLANG_WARN__DUPLICATE_METHOD_MATCH = YES;
				CODE_SIGN_IDENTITY = "iPhone Developer";
				COPY_PHASE_STRIP = NO;
				DEBUG_INFORMATION_FORMAT = "dwarf-with-dsym";
				ENABLE_NS_ASSERTIONS = NO;
				ENABLE_STRICT_OBJC_MSGSEND = YES;
				GCC_C_LANGUAGE_STANDARD = gnu11;
				GCC_NO_COMMON_BLOCKS = YES;
				GCC_WARN_64_TO_32_BIT_CONVERSION = YES;
				GCC_WARN_ABOUT_RETURN_TYPE = YES_ERROR;
				GCC_WARN_UNDECLARED_SELECTOR = YES;
				GCC_WARN_UNINITIALIZED_AUTOS = YES_AGGRESSIVE;
				GCC_WARN_UNUSED_FUNCTION = YES;
				GCC_WARN_UNUSED_VARIABLE = YES;
				IPHONEOS_DEPLOYMENT_TARGET = 11.3;
				MTL_ENABLE_DEBUG_INFO = NO;
				SDKROOT = iphoneos;
				SWIFT_COMPILATION_MODE = wholemodule;
				SWIFT_OPTIMIZATION_LEVEL = "-O";
				VALIDATE_PRODUCT = YES;
			};
			name = Release;
		};
		062A6EEA207C6FE600A416B2 /* Debug */ = {
			isa = XCBuildConfiguration;
			buildSettings = {
				ASSETCATALOG_COMPILER_APPICON_NAME = AppIcon;
				CODE_SIGN_STYLE = Automatic;
				INFOPLIST_FILE = SQliteTest/Info.plist;
				LD_RUNPATH_SEARCH_PATHS = (
					"$(inherited)",
					"@executable_path/Frameworks",
				);
				PRODUCT_BUNDLE_IDENTIFIER = com.SQliteTest;
				PRODUCT_NAME = "$(TARGET_NAME)";
				SWIFT_VERSION = 4.0;
				TARGETED_DEVICE_FAMILY = "1,2";
			};
			name = Debug;
		};
		062A6EEB207C6FE600A416B2 /* Release */ = {
			isa = XCBuildConfiguration;
			buildSettings = {
				ASSETCATALOG_COMPILER_APPICON_NAME = AppIcon;
				CODE_SIGN_STYLE = Automatic;
				INFOPLIST_FILE = SQliteTest/Info.plist;
				LD_RUNPATH_SEARCH_PATHS = (
					"$(inherited)",
					"@executable_path/Frameworks",
				);
				PRODUCT_BUNDLE_IDENTIFIER = com.SQliteTest;
				PRODUCT_NAME = "$(TARGET_NAME)";
				SWIFT_VERSION = 4.0;
				TARGETED_DEVICE_FAMILY = "1,2";
			};
			name = Release;
		};
		062A6EED207C6FE600A416B2 /* Debug */ = {
			isa = XCBuildConfiguration;
			buildSettings = {
				ALWAYS_EMBED_SWIFT_STANDARD_LIBRARIES = YES;
				BUNDLE_LOADER = "$(TEST_HOST)";
				CODE_SIGN_STYLE = Automatic;
				INFOPLIST_FILE = SQliteTestTests/Info.plist;
				LD_RUNPATH_SEARCH_PATHS = (
					"$(inherited)",
					"@executable_path/Frameworks",
					"@loader_path/Frameworks",
				);
				PRODUCT_BUNDLE_IDENTIFIER = com.SQliteTestTests;
				PRODUCT_NAME = "$(TARGET_NAME)";
				SWIFT_VERSION = 4.0;
				TARGETED_DEVICE_FAMILY = "1,2";
				TEST_HOST = "$(BUILT_PRODUCTS_DIR)/SQliteTest.app/SQliteTest";
			};
			name = Debug;
		};
		062A6EEE207C6FE600A416B2 /* Release */ = {
			isa = XCBuildConfiguration;
			buildSettings = {
				ALWAYS_EMBED_SWIFT_STANDARD_LIBRARIES = YES;
				BUNDLE_LOADER = "$(TEST_HOST)";
				CODE_SIGN_STYLE = Automatic;
				INFOPLIST_FILE = SQliteTestTests/Info.plist;
				LD_RUNPATH_SEARCH_PATHS = (
					"$(inherited)",
					"@executable_path/Frameworks",
					"@loader_path/Frameworks",
				);
				PRODUCT_BUNDLE_IDENTIFIER = com.SQliteTestTests;
				PRODUCT_NAME = "$(TARGET_NAME)";
				SWIFT_VERSION = 4.0;
				TARGETED_DEVICE_FAMILY = "1,2";
				TEST_HOST = "$(BUILT_PRODUCTS_DIR)/SQliteTest.app/SQliteTest";
			};
			name = Release;
		};
		062A6EF0207C6FE600A416B2 /* Debug */ = {
			isa = XCBuildConfiguration;
			buildSettings = {
				ALWAYS_EMBED_SWIFT_STANDARD_LIBRARIES = YES;
				CODE_SIGN_STYLE = Automatic;
				INFOPLIST_FILE = SQliteTestUITests/Info.plist;
				LD_RUNPATH_SEARCH_PATHS = (
					"$(inherited)",
					"@executable_path/Frameworks",
					"@loader_path/Frameworks",
				);
				PRODUCT_BUNDLE_IDENTIFIER = com.SQliteTestUITests;
				PRODUCT_NAME = "$(TARGET_NAME)";
				SWIFT_VERSION = 4.0;
				TARGETED_DEVICE_FAMILY = "1,2";
				TEST_TARGET_NAME = SQliteTest;
			};
			name = Debug;
		};
		062A6EF1207C6FE600A416B2 /* Release */ = {
			isa = XCBuildConfiguration;
			buildSettings = {
				ALWAYS_EMBED_SWIFT_STANDARD_LIBRARIES = YES;
				CODE_SIGN_STYLE = Automatic;
				INFOPLIST_FILE = SQliteTestUITests/Info.plist;
				LD_RUNPATH_SEARCH_PATHS = (
					"$(inherited)",
					"@executable_path/Frameworks",
					"@loader_path/Frameworks",
				);
				PRODUCT_BUNDLE_IDENTIFIER = com.SQliteTestUITests;
				PRODUCT_NAME = "$(TARGET_NAME)";
				SWIFT_VERSION = 4.0;
				TARGETED_DEVICE_FAMILY = "1,2";
				TEST_TARGET_NAME = SQliteTest;
			};
			name = Release;
		};
/* End XCBuildConfiguration section */

/* Begin XCConfigurationList section */
		062A6EBC207C6FE200A416B2 /* Build configuration list for PBXProject "SQliteTest" */ = {
			isa = XCConfigurationList;
			buildConfigurations = (
				062A6EE7207C6FE600A416B2 /* Debug */,
				062A6EE8207C6FE600A416B2 /* Release */,
			);
			defaultConfigurationIsVisible = 0;
			defaultConfigurationName = Release;
		};
		062A6EE9207C6FE600A416B2 /* Build configuration list for PBXNativeTarget "SQliteTest" */ = {
			isa = XCConfigurationList;
			buildConfigurations = (
				062A6EEA207C6FE600A416B2 /* Debug */,
				062A6EEB207C6FE600A416B2 /* Release */,
			);
			defaultConfigurationIsVisible = 0;
			defaultConfigurationName = Release;
		};
		062A6EEC207C6FE600A416B2 /* Build configuration list for PBXNativeTarget "SQliteTestTests" */ = {
			isa = XCConfigurationList;
			buildConfigurations = (
				062A6EED207C6FE600A416B2 /* Debug */,
				062A6EEE207C6FE600A416B2 /* Release */,
			);
			defaultConfigurationIsVisible = 0;
			defaultConfigurationName = Release;
		};
		062A6EEF207C6FE600A416B2 /* Build configuration list for PBXNativeTarget "SQliteTestUITests" */ = {
			isa = XCConfigurationList;
			buildConfigurations = (
				062A6EF0207C6FE600A416B2 /* Debug */,
				062A6EF1207C6FE600A416B2 /* Release */,
			);
			defaultConfigurationIsVisible = 0;
			defaultConfigurationName = Release;
		};
/* End XCConfigurationList section */
	};
	rootObject = 062A6EB9207C6FE200A416B2 /* Project object */;
}
